
Microsoft Visual Studio Solution File, Format Version 12.00
# Visual Studio Version 17
VisualStudioVersion = 17.2.32516.85
MinimumVisualStudioVersion = 10.0.40219.1
Project("{FAE04EC0-301F-11D3-BF4B-00C04F79EFBC}") = "RegistrationApi", "RegistrationApi\RegistrationApi.csproj", "{3BCB6155-5B4D-4139-8E1D-13FDC0579A22}"
EndProject
Global
	GlobalSection(SolutionConfigurationPlatforms) = preSolution
		Debug|Any CPU = Debug|Any CPU
		Release|Any CPU = Release|Any CPU
	EndGlobalSection
	GlobalSection(ProjectConfigurationPlatforms) = postSolution
		{3BCB6155-5B4D-4139-8E1D-13FDC0579A22}.Debug|Any CPU.ActiveCfg = Debug|Any CPU
		{3BCB6155-5B4D-4139-8E1D-13FDC0579A22}.Debug|Any CPU.Build.0 = Debug|Any CPU
		{3BCB6155-5B4D-4139-8E1D-13FDC0579A22}.Release|Any CPU.ActiveCfg = Release|Any CPU
		{3BCB6155-5B4D-4139-8E1D-13FDC0579A22}.Release|Any CPU.Build.0 = Release|Any CPU
	EndGlobalSection
	GlobalSection(SolutionProperties) = preSolution
		HideSolutionNode = FALSE
	EndGlobalSection
	GlobalSection(ExtensibilityGlobals) = postSolution
		SolutionGuid = {630630EC-3ED7-4B78-9285-DF654FDF43A4}
	EndGlobalSection
EndGlobal
